
Microsoft Visual Studio Solution File, Format Version 12.00
# Visual Studio Version 17
VisualStudioVersion = 17.1.32421.90
MinimumVisualStudioVersion = 10.0.40219.1
Project("{9A19103F-16F7-4668-BE54-9A1E7A4F7556}") = "CCCWebAPI", "CCCWebAPI\CCCWebAPI.csproj", "{C37407E5-3B90-4323-B765-343FD01B111F}"
EndProject
Project("{9A19103F-16F7-4668-BE54-9A1E7A4F7556}") = "Common", "Common\Common.csproj", "{81B70909-67D7-440C-A8DE-1ABFCE4CE83C}"
EndProject
Project("{9A19103F-16F7-4668-BE54-9A1E7A4F7556}") = "Core", "Core\Core.csproj", "{2CC3BF59-3EF5-4E96-921B-05D79DEBF18E}"
EndProject
Project("{9A19103F-16F7-4668-BE54-9A1E7A4F7556}") = "Data", "Data\Data.csproj", "{4DDC8EF8-1546-46E9-B974-7F5E632104A0}"
EndProject
Project("{FAE04EC0-301F-11D3-BF4B-00C04F79EFBC}") = "CCCWebAPI.Models", "CCCWebAPI.Models\CCCWebAPI.Models.csproj", "{F7A6E912-9A73-4286-8740-60945A1C2804}"
EndProject
Project("{FAE04EC0-301F-11D3-BF4B-00C04F79EFBC}") = "CCCWebAPI.Repository", "CCCWebAPI.Repository\CCCWebAPI.Repository.csproj", "{F2CE6603-213F-4702-A58C-452446D54420}"
EndProject
Project("{FAE04EC0-301F-11D3-BF4B-00C04F79EFBC}") = "CCCWebAPI.Globals", "CCCWebAPI.Globals\CCCWebAPI.Globals.csproj", "{A895519B-1FFF-434D-A5DF-1331FDBD5422}"
EndProject
Global
	GlobalSection(SolutionConfigurationPlatforms) = preSolution
		Debug|Any CPU = Debug|Any CPU
		Release|Any CPU = Release|Any CPU
	EndGlobalSection
	GlobalSection(ProjectConfigurationPlatforms) = postSolution
		{C37407E5-3B90-4323-B765-343FD01B111F}.Debug|Any CPU.ActiveCfg = Debug|Any CPU
		{C37407E5-3B90-4323-B765-343FD01B111F}.Debug|Any CPU.Build.0 = Debug|Any CPU
		{C37407E5-3B90-4323-B765-343FD01B111F}.Release|Any CPU.ActiveCfg = Release|Any CPU
		{C37407E5-3B90-4323-B765-343FD01B111F}.Release|Any CPU.Build.0 = Release|Any CPU
		{81B70909-67D7-440C-A8DE-1ABFCE4CE83C}.Debug|Any CPU.ActiveCfg = Debug|Any CPU
		{81B70909-67D7-440C-A8DE-1ABFCE4CE83C}.Debug|Any CPU.Build.0 = Debug|Any CPU
		{81B70909-67D7-440C-A8DE-1ABFCE4CE83C}.Release|Any CPU.ActiveCfg = Release|Any CPU
		{81B70909-67D7-440C-A8DE-1ABFCE4CE83C}.Release|Any CPU.Build.0 = Release|Any CPU
		{2CC3BF59-3EF5-4E96-921B-05D79DEBF18E}.Debug|Any CPU.ActiveCfg = Debug|Any CPU
		{2CC3BF59-3EF5-4E96-921B-05D79DEBF18E}.Debug|Any CPU.Build.0 = Debug|Any CPU
		{2CC3BF59-3EF5-4E96-921B-05D79DEBF18E}.Release|Any CPU.ActiveCfg = Release|Any CPU
		{2CC3BF59-3EF5-4E96-921B-05D79DEBF18E}.Release|Any CPU.Build.0 = Release|Any CPU
		{4DDC8EF8-1546-46E9-B974-7F5E632104A0}.Debug|Any CPU.ActiveCfg = Debug|Any CPU
		{4DDC8EF8-1546-46E9-B974-7F5E632104A0}.Debug|Any CPU.Build.0 = Debug|Any CPU
		{4DDC8EF8-1546-46E9-B974-7F5E632104A0}.Release|Any CPU.ActiveCfg = Release|Any CPU
		{4DDC8EF8-1546-46E9-B974-7F5E632104A0}.Release|Any CPU.Build.0 = Release|Any CPU
		{F7A6E912-9A73-4286-8740-60945A1C2804}.Debug|Any CPU.ActiveCfg = Debug|Any CPU
		{F7A6E912-9A73-4286-8740-60945A1C2804}.Debug|Any CPU.Build.0 = Debug|Any CPU
		{F7A6E912-9A73-4286-8740-60945A1C2804}.Release|Any CPU.ActiveCfg = Release|Any CPU
		{F7A6E912-9A73-4286-8740-60945A1C2804}.Release|Any CPU.Build.0 = Release|Any CPU
		{F2CE6603-213F-4702-A58C-452446D54420}.Debug|Any CPU.ActiveCfg = Debug|Any CPU
		{F2CE6603-213F-4702-A58C-452446D54420}.Debug|Any CPU.Build.0 = Debug|Any CPU
		{F2CE6603-213F-4702-A58C-452446D54420}.Release|Any CPU.ActiveCfg = Release|Any CPU
		{F2CE6603-213F-4702-A58C-452446D54420}.Release|Any CPU.Build.0 = Release|Any CPU
		{A895519B-1FFF-434D-A5DF-1331FDBD5422}.Debug|Any CPU.ActiveCfg = Debug|Any CPU
		{A895519B-1FFF-434D-A5DF-1331FDBD5422}.Debug|Any CPU.Build.0 = Debug|Any CPU
		{A895519B-1FFF-434D-A5DF-1331FDBD5422}.Release|Any CPU.ActiveCfg = Release|Any CPU
		{A895519B-1FFF-434D-A5DF-1331FDBD5422}.Release|Any CPU.Build.0 = Release|Any CPU
	EndGlobalSection
	GlobalSection(SolutionProperties) = preSolution
		HideSolutionNode = FALSE
	EndGlobalSection
	GlobalSection(ExtensibilityGlobals) = postSolution
		SolutionGuid = {106E2923-82F0-4988-9A05-F4BC1D19B961}
	EndGlobalSection
EndGlobal
